Microsoft Visual Studio Solution File, Format Version 12.00
# Visual Studio Version 17
VisualStudioVersion = 17.5.2.0
MinimumVisualStudioVersion = 10.0.40219.1
Project("{FAE04EC0-301F-11D3-BF4B-00C04F79EFBC}") = "lab6v6", "lab6v6.csproj", "{ED41AF07-17A6-7338-1607-51103EE65C70}"
EndProject
Global
	GlobalSection(SolutionConfigurationPlatforms) = preSolution
		Debug|Any CPU = Debug|Any CPU
		Release|Any CPU = Release|Any CPU
	EndGlobalSection
	GlobalSection(ProjectConfigurationPlatforms) = postSolution
		{ED41AF07-17A6-7338-1607-51103EE65C70}.Debug|Any CPU.ActiveCfg = Debug|Any CPU
		{ED41AF07-17A6-7338-1607-51103EE65C70}.Debug|Any CPU.Build.0 = Debug|Any CPU
		{ED41AF07-17A6-7338-1607-51103EE65C70}.Release|Any CPU.ActiveCfg = Release|Any CPU
		{ED41AF07-17A6-7338-1607-51103EE65C70}.Release|Any CPU.Build.0 = Release|Any CPU
	EndGlobalSection
	GlobalSection(SolutionProperties) = preSolution
		HideSolutionNode = FALSE
	EndGlobalSection
	GlobalSection(ExtensibilityGlobals) = postSolution
		SolutionGuid = {D79F922A-7516-4D98-B837-A7F26B07AA86}
	EndGlobalSection
EndGlobal
