Microsoft Visual Studio Solution File, Format Version 12.00
# Visual Studio Version 17
VisualStudioVersion = 17.5.2.0
MinimumVisualStudioVersion = 10.0.40219.1
Project("{FAE04EC0-301F-11D3-BF4B-00C04F79EFBC}") = "lab21v6", "lab21v6.csproj", "{EBBEC198-C96C-ACB0-5CD9-2E5BC4EA5170}"
EndProject
Global
	GlobalSection(SolutionConfigurationPlatforms) = preSolution
		Debug|Any CPU = Debug|Any CPU
		Release|Any CPU = Release|Any CPU
	EndGlobalSection
	GlobalSection(ProjectConfigurationPlatforms) = postSolution
		{EBBEC198-C96C-ACB0-5CD9-2E5BC4EA5170}.Debug|Any CPU.ActiveCfg = Debug|Any CPU
		{EBBEC198-C96C-ACB0-5CD9-2E5BC4EA5170}.Debug|Any CPU.Build.0 = Debug|Any CPU
		{EBBEC198-C96C-ACB0-5CD9-2E5BC4EA5170}.Release|Any CPU.ActiveCfg = Release|Any CPU
		{EBBEC198-C96C-ACB0-5CD9-2E5BC4EA5170}.Release|Any CPU.Build.0 = Release|Any CPU
	EndGlobalSection
	GlobalSection(SolutionProperties) = preSolution
		HideSolutionNode = FALSE
	EndGlobalSection
	GlobalSection(ExtensibilityGlobals) = postSolution
		SolutionGuid = {3B8A2245-848A-4E77-A6A9-C84C49FBD244}
	EndGlobalSection
EndGlobal
